
Microsoft Visual Studio Solution File, Format Version 12.00
# Visual Studio Version 17
VisualStudioVersion = 17.0.31912.275
MinimumVisualStudioVersion = 10.0.40219.1
Project("{FAE04EC0-301F-11D3-BF4B-00C04F79EFBC}") = "HowLongToBeat", "HowLongToBeat\HowLongToBeat.csproj", "{D16F2CE2-9759-45CA-9B55-00C9B08D1EDB}"
EndProject
Global
	GlobalSection(SolutionConfigurationPlatforms) = preSolution
		Debug|Any CPU = Debug|Any CPU
		Release|Any CPU = Release|Any CPU
	EndGlobalSection
	GlobalSection(ProjectConfigurationPlatforms) = postSolution
		{D16F2CE2-9759-45CA-9B55-00C9B08D1EDB}.Debug|Any CPU.ActiveCfg = Debug|Any CPU
		{D16F2CE2-9759-45CA-9B55-00C9B08D1EDB}.Debug|Any CPU.Build.0 = Debug|Any CPU
		{D16F2CE2-9759-45CA-9B55-00C9B08D1EDB}.Release|Any CPU.ActiveCfg = Release|Any CPU
		{D16F2CE2-9759-45CA-9B55-00C9B08D1EDB}.Release|Any CPU.Build.0 = Release|Any CPU
	EndGlobalSection
	GlobalSection(SolutionProperties) = preSolution
		HideSolutionNode = FALSE
	EndGlobalSection
	GlobalSection(ExtensibilityGlobals) = postSolution
		SolutionGuid = {37CBDE03-590E-4F88-A62C-28FB8FA0D7A6}
	EndGlobalSection
EndGlobal
